
Microsoft Visual Studio Solution File, Format Version 12.00
# Visual Studio 15
VisualStudioVersion = 15.0.27428.2037
MinimumVisualStudioVersion = 10.0.40219.1
Project("{FAE04EC0-301F-11D3-BF4B-00C04F79EFBC}") = "APIDeEekhoorn", "APIDeEekhoorn\APIDeEekhoorn.csproj", "{31263E7D-8C47-4D8B-8436-D6C533B9938F}"
EndProject
Project("{FAE04EC0-301F-11D3-BF4B-00C04F79EFBC}") = "APIDeEekhoorn.Tests", "APIDeEekhoorn.Tests\APIDeEekhoorn.Tests.csproj", "{613727D2-E2F3-4B99-B0D0-49672184EB4A}"
EndProject
Project("{FAE04EC0-301F-11D3-BF4B-00C04F79EFBC}") = "APIDeEekhoorn.Logic", "APIDeEekhoorn.Logic\APIDeEekhoorn.Logic.csproj", "{F7AFEFFD-1DF0-443A-8134-B80CADB42086}"
EndProject
Project("{FAE04EC0-301F-11D3-BF4B-00C04F79EFBC}") = "APIDeEekhoorn.Modules", "APIDeEekhoorn.Modules\APIDeEekhoorn.Modules.csproj", "{BD56370F-1366-4075-80EB-8E7F1CCAB84B}"
EndProject
Global
	GlobalSection(SolutionConfigurationPlatforms) = preSolution
		Debug|Any CPU = Debug|Any CPU
		Release|Any CPU = Release|Any CPU
	EndGlobalSection
	GlobalSection(ProjectConfigurationPlatforms) = postSolution
		{31263E7D-8C47-4D8B-8436-D6C533B9938F}.Debug|Any CPU.ActiveCfg = Debug|Any CPU
		{31263E7D-8C47-4D8B-8436-D6C533B9938F}.Debug|Any CPU.Build.0 = Debug|Any CPU
		{31263E7D-8C47-4D8B-8436-D6C533B9938F}.Release|Any CPU.ActiveCfg = Release|Any CPU
		{31263E7D-8C47-4D8B-8436-D6C533B9938F}.Release|Any CPU.Build.0 = Release|Any CPU
		{613727D2-E2F3-4B99-B0D0-49672184EB4A}.Debug|Any CPU.ActiveCfg = Debug|Any CPU
		{613727D2-E2F3-4B99-B0D0-49672184EB4A}.Debug|Any CPU.Build.0 = Debug|Any CPU
		{613727D2-E2F3-4B99-B0D0-49672184EB4A}.Release|Any CPU.ActiveCfg = Release|Any CPU
		{613727D2-E2F3-4B99-B0D0-49672184EB4A}.Release|Any CPU.Build.0 = Release|Any CPU
		{F7AFEFFD-1DF0-443A-8134-B80CADB42086}.Debug|Any CPU.ActiveCfg = Debug|Any CPU
		{F7AFEFFD-1DF0-443A-8134-B80CADB42086}.Debug|Any CPU.Build.0 = Debug|Any CPU
		{F7AFEFFD-1DF0-443A-8134-B80CADB42086}.Release|Any CPU.ActiveCfg = Release|Any CPU
		{F7AFEFFD-1DF0-443A-8134-B80CADB42086}.Release|Any CPU.Build.0 = Release|Any CPU
		{BD56370F-1366-4075-80EB-8E7F1CCAB84B}.Debug|Any CPU.ActiveCfg = Debug|Any CPU
		{BD56370F-1366-4075-80EB-8E7F1CCAB84B}.Debug|Any CPU.Build.0 = Debug|Any CPU
		{BD56370F-1366-4075-80EB-8E7F1CCAB84B}.Release|Any CPU.ActiveCfg = Release|Any CPU
		{BD56370F-1366-4075-80EB-8E7F1CCAB84B}.Release|Any CPU.Build.0 = Release|Any CPU
	EndGlobalSection
	GlobalSection(SolutionProperties) = preSolution
		HideSolutionNode = FALSE
	EndGlobalSection
	GlobalSection(ExtensibilityGlobals) = postSolution
		SolutionGuid = {EBAB7DCD-E92C-40D4-AA21-7C8AE8678E65}
	EndGlobalSection
EndGlobal
